
Microsoft Visual Studio Solution File, Format Version 12.00
# Visual Studio 2015
Project("{FAE04EC0-301F-11D3-BF4B-00C04F79EFBC}") = "stikkit project 05032018", "stikkit project 05032018.csproj", "{DEBADF16-14CF-4C1B-29FA-08E116589139}"
EndProject
Global
	GlobalSection(SolutionConfigurationPlatforms) = preSolution
		Debug|Any CPU = Debug|Any CPU
		Release|Any CPU = Release|Any CPU
	EndGlobalSection
	GlobalSection(ProjectConfigurationPlatforms) = postSolution
		{DEBADF16-14CF-4C1B-29FA-08E116589139}.Debug|Any CPU.ActiveCfg = Debug|Any CPU
		{DEBADF16-14CF-4C1B-29FA-08E116589139}.Debug|Any CPU.Build.0 = Debug|Any CPU
		{DEBADF16-14CF-4C1B-29FA-08E116589139}.Release|Any CPU.ActiveCfg = Release|Any CPU
		{DEBADF16-14CF-4C1B-29FA-08E116589139}.Release|Any CPU.Build.0 = Release|Any CPU
	EndGlobalSection
	GlobalSection(SolutionProperties) = preSolution
		HideSolutionNode = FALSE
	EndGlobalSection
EndGlobal
